// !$*UTF8*$!
{
	archiveVersion = 1;
	classes = {
	};
	objectVersion = 56;
	objects = {

/* Begin PBXBuildFile section */
		5D0660CC2B455CA5006B19A6 /* BaseManager.swift in Sources */ = {isa = PBXBuildFile; fileRef = 5D0660CB2B455CA5006B19A6 /* BaseManager.swift */; };
		5D0660CE2B458A82006B19A6 /* AddMemoView.swift in Sources */ = {isa = PBXBuildFile; fileRef = 5D0660CD2B458A82006B19A6 /* AddMemoView.swift */; };
		5D0660D02B46A0E5006B19A6 /* FilteredList.swift in Sources */ = {isa = PBXBuildFile; fileRef = 5D0660CF2B46A0E5006B19A6 /* FilteredList.swift */; };
		5D06BE052B597C47007C1424 /* CategoryListView.swift in Sources */ = {isa = PBXBuildFile; fileRef = 5D06BE042B597C47007C1424 /* CategoryListView.swift */; };
		5D06BE082B597CC6007C1424 /* MyWorkoutListView.swift in Sources */ = {isa = PBXBuildFile; fileRef = 5D06BE072B597CC6007C1424 /* MyWorkoutListView.swift */; };
		5D06BE0B2B597D36007C1424 /* CycleListView.swift in Sources */ = {isa = PBXBuildFile; fileRef = 5D06BE0A2B597D36007C1424 /* CycleListView.swift */; };
		5D06BE0D2B597D86007C1424 /* TodayWorkoutListView.swift in Sources */ = {isa = PBXBuildFile; fileRef = 5D06BE0C2B597D86007C1424 /* TodayWorkoutListView.swift */; };
		5D06BE112B5A1CA2007C1424 /* CategoryListViewModel.swift in Sources */ = {isa = PBXBuildFile; fileRef = 5D06BE102B5A1CA2007C1424 /* CategoryListViewModel.swift */; };
		5D06BE152B5A24C5007C1424 /* CategoryContainerView.swift in Sources */ = {isa = PBXBuildFile; fileRef = 5D06BE142B5A24C5007C1424 /* CategoryContainerView.swift */; };
		5D1D502F2B5765F800D001B7 /* SplitWorkoutManager.swift in Sources */ = {isa = PBXBuildFile; fileRef = 5D1D502E2B5765F800D001B7 /* SplitWorkoutManager.swift */; };
		5D394E132B4548370005559A /* CalendarView.swift in Sources */ = {isa = PBXBuildFile; fileRef = 5D394E122B4548370005559A /* CalendarView.swift */; };
		5D394E1C2B45597A0005559A /* WorkoutCycleManger.swift in Sources */ = {isa = PBXBuildFile; fileRef = 5D394E1B2B45597A0005559A /* WorkoutCycleManger.swift */; };
		5D394E1F2B455B980005559A /* Model.xcdatamodeld in Sources */ = {isa = PBXBuildFile; fileRef = 5D394E1D2B455B980005559A /* Model.xcdatamodeld */; };
		5D64764B2B551EBD00E3DA67 /* DietView.swift in Sources */ = {isa = PBXBuildFile; fileRef = 5D64764A2B551EBD00E3DA67 /* DietView.swift */; };
		5D64764D2B551EFC00E3DA67 /* DietManager.swift in Sources */ = {isa = PBXBuildFile; fileRef = 5D64764C2B551EFC00E3DA67 /* DietManager.swift */; };
		5D8A4F4F2B26DA8400C755A0 /* WorkOutModel.swift in Sources */ = {isa = PBXBuildFile; fileRef = 5D8A4F4E2B26DA8400C755A0 /* WorkOutModel.swift */; };
		5D8A4F512B26E2F100C755A0 /* PickWorkoutListCell.swift in Sources */ = {isa = PBXBuildFile; fileRef = 5D8A4F502B26E2F100C755A0 /* PickWorkoutListCell.swift */; };
		5D8A4F552B2702A300C755A0 /* DetailWorkoutView.swift in Sources */ = {isa = PBXBuildFile; fileRef = 5D8A4F542B2702A300C755A0 /* DetailWorkoutView.swift */; };
		5D8A4F592B2B016900C755A0 /* HomeView.swift in Sources */ = {isa = PBXBuildFile; fileRef = 5D8A4F582B2B016900C755A0 /* HomeView.swift */; };
		5D8A4F5B2B2B02A500C755A0 /* CalendarMainView.swift in Sources */ = {isa = PBXBuildFile; fileRef = 5D8A4F5A2B2B02A500C755A0 /* CalendarMainView.swift */; };
		5D8A4F5F2B2C336300C755A0 /* AddListView.swift in Sources */ = {isa = PBXBuildFile; fileRef = 5D8A4F5E2B2C336300C755A0 /* AddListView.swift */; };
		5D9BC3B82B50F914004F4F25 /* AddWorkoutListView.swift in Sources */ = {isa = PBXBuildFile; fileRef = 5D9BC3B72B50F914004F4F25 /* AddWorkoutListView.swift */; };
		5D9BC3BA2B51213A004F4F25 /* HistoryView.swift in Sources */ = {isa = PBXBuildFile; fileRef = 5D9BC3B92B51213A004F4F25 /* HistoryView.swift */; };
		5D9BC3BC2B5122E0004F4F25 /* HistoryManager.swift in Sources */ = {isa = PBXBuildFile; fileRef = 5D9BC3BB2B5122E0004F4F25 /* HistoryManager.swift */; };
		5DDF06F12B47E4ED00B1ACE3 /* TodayMemoManager.swift in Sources */ = {isa = PBXBuildFile; fileRef = 5DDF06F02B47E4ED00B1ACE3 /* TodayMemoManager.swift */; };
		5DE0E3522B1735E700A2C701 /* WorkoutCycle_SwiftUI_App.swift in Sources */ = {isa = PBXBuildFile; fileRef = 5DE0E3512B1735E700A2C701 /* WorkoutCycle_SwiftUI_App.swift */; };
		5DE0E3542B1735E700A2C701 /* ContentView.swift in Sources */ = {isa = PBXBuildFile; fileRef = 5DE0E3532B1735E700A2C701 /* ContentView.swift */; };
		5DE0E3562B1735E800A2C701 /* Assets.xcassets in Resources */ = {isa = PBXBuildFile; fileRef = 5DE0E3552B1735E800A2C701 /* Assets.xcassets */; };
		5DE0E3592B1735E800A2C701 /* Preview Assets.xcassets in Resources */ = {isa = PBXBuildFile; fileRef = 5DE0E3582B1735E800A2C701 /* Preview Assets.xcassets */; };
		5DF519272B5FB07E00780BBA /* ApiModel.swift in Sources */ = {isa = PBXBuildFile; fileRef = 5DF519262B5FB07E00780BBA /* ApiModel.swift */; };
		5DF519292B5FB0D600780BBA /* GymApiListView.swift in Sources */ = {isa = PBXBuildFile; fileRef = 5DF519282B5FB0D600780BBA /* GymApiListView.swift */; };
		5DF5192C2B5FB59000780BBA /* KakaoMapsSDK_SPM in Frameworks */ = {isa = PBXBuildFile; productRef = 5DF5192B2B5FB59000780BBA /* KakaoMapsSDK_SPM */; };
		5DF5192F2B5FB6D800780BBA /* KakaoMapView.swift in Sources */ = {isa = PBXBuildFile; fileRef = 5DF5192E2B5FB6D800780BBA /* KakaoMapView.swift */; };
		76E1B99206FD9D78490478E4 /* Pods_WorkoutCycle_SwiftUI_.framework in Frameworks */ = {isa = PBXBuildFile; fileRef = 2A7FA08E0B74BAAEB2B72645 /* Pods_WorkoutCycle_SwiftUI_.framework */; };
/* End PBXBuildFile section */

/* Begin PBXFileReference section */
		2A7FA08E0B74BAAEB2B72645 /* Pods_WorkoutCycle_SwiftUI_.framework */ = {isa = PBXFileReference; explicitFileType = wrapper.framework; includeInIndex = 0; path = Pods_WorkoutCycle_SwiftUI_.framework; sourceTree = BUILT_PRODUCTS_DIR; };
		532467F51951465450B79834 /* Pods-WorkoutCycle(SwiftUI).release.xcconfig */ = {isa = PBXFileReference; includeInIndex = 1; lastKnownFileType = text.xcconfig; name = "Pods-WorkoutCycle(SwiftUI).release.xcconfig"; path = "Target Support Files/Pods-WorkoutCycle(SwiftUI)/Pods-WorkoutCycle(SwiftUI).release.xcconfig"; sourceTree = "<group>"; };
		5D0660CB2B455CA5006B19A6 /* BaseManager.swift */ = {isa = PBXFileReference; lastKnownFileType = sourcecode.swift; path = BaseManager.swift; sourceTree = "<group>"; };
		5D0660CD2B458A82006B19A6 /* AddMemoView.swift */ = {isa = PBXFileReference; lastKnownFileType = sourcecode.swift; path = AddMemoView.swift; sourceTree = "<group>"; };
		5D0660CF2B46A0E5006B19A6 /* FilteredList.swift */ = {isa = PBXFileReference; lastKnownFileType = sourcecode.swift; path = FilteredList.swift; sourceTree = "<group>"; };
		5D06BE042B597C47007C1424 /* CategoryListView.swift */ = {isa = PBXFileReference; lastKnownFileType = sourcecode.swift; path = CategoryListView.swift; sourceTree = "<group>"; };
		5D06BE072B597CC6007C1424 /* MyWorkoutListView.swift */ = {isa = PBXFileReference; lastKnownFileType = sourcecode.swift; path = MyWorkoutListView.swift; sourceTree = "<group>"; };
		5D06BE0A2B597D36007C1424 /* CycleListView.swift */ = {isa = PBXFileReference; lastKnownFileType = sourcecode.swift; path = CycleListView.swift; sourceTree = "<group>"; };
		5D06BE0C2B597D86007C1424 /* TodayWorkoutListView.swift */ = {isa = PBXFileReference; lastKnownFileType = sourcecode.swift; path = TodayWorkoutListView.swift; sourceTree = "<group>"; };
		5D06BE102B5A1CA2007C1424 /* CategoryListViewModel.swift */ = {isa = PBXFileReference; lastKnownFileType = sourcecode.swift; path = CategoryListViewModel.swift; sourceTree = "<group>"; };
		5D06BE142B5A24C5007C1424 /* CategoryContainerView.swift */ = {isa = PBXFileReference; lastKnownFileType = sourcecode.swift; path = CategoryContainerView.swift; sourceTree = "<group>"; };
		5D1D502E2B5765F800D001B7 /* SplitWorkoutManager.swift */ = {isa = PBXFileReference; lastKnownFileType = sourcecode.swift; path = SplitWorkoutManager.swift; sourceTree = "<group>"; };
		5D394E122B4548370005559A /* CalendarView.swift */ = {isa = PBXFileReference; lastKnownFileType = sourcecode.swift; path = CalendarView.swift; sourceTree = "<group>"; };
		5D394E1B2B45597A0005559A /* WorkoutCycleManger.swift */ = {isa = PBXFileReference; lastKnownFileType = sourcecode.swift; path = WorkoutCycleManger.swift; sourceTree = "<group>"; };
		5D394E1E2B455B980005559A /* Model.xcdatamodel */ = {isa = PBXFileReference; lastKnownFileType = wrapper.xcdatamodel; path = Model.xcdatamodel; sourceTree = "<group>"; };
		5D64764A2B551EBD00E3DA67 /* DietView.swift */ = {isa = PBXFileReference; lastKnownFileType = sourcecode.swift; path = DietView.swift; sourceTree = "<group>"; };
		5D64764C2B551EFC00E3DA67 /* DietManager.swift */ = {isa = PBXFileReference; lastKnownFileType = sourcecode.swift; path = DietManager.swift; sourceTree = "<group>"; };
		5D8A4F4E2B26DA8400C755A0 /* WorkOutModel.swift */ = {isa = PBXFileReference; lastKnownFileType = sourcecode.swift; path = WorkOutModel.swift; sourceTree = "<group>"; };
		5D8A4F502B26E2F100C755A0 /* PickWorkoutListCell.swift */ = {isa = PBXFileReference; lastKnownFileType = sourcecode.swift; path = PickWorkoutListCell.swift; sourceTree = "<group>"; };
		5D8A4F542B2702A300C755A0 /* DetailWorkoutView.swift */ = {isa = PBXFileReference; lastKnownFileType = sourcecode.swift; path = DetailWorkoutView.swift; sourceTree = "<group>"; };
		5D8A4F582B2B016900C755A0 /* HomeView.swift */ = {isa = PBXFileReference; lastKnownFileType = sourcecode.swift; path = HomeView.swift; sourceTree = "<group>"; };
		5D8A4F5A2B2B02A500C755A0 /* CalendarMainView.swift */ = {isa = PBXFileReference; lastKnownFileType = sourcecode.swift; path = CalendarMainView.swift; sourceTree = "<group>"; };
		5D8A4F5E2B2C336300C755A0 /* AddListView.swift */ = {isa = PBXFileReference; lastKnownFileType = sourcecode.swift; path = AddListView.swift; sourceTree = "<group>"; };
		5D9BC3B72B50F914004F4F25 /* AddWorkoutListView.swift */ = {isa = PBXFileReference; lastKnownFileType = sourcecode.swift; path = AddWorkoutListView.swift; sourceTree = "<group>"; };
		5D9BC3B92B51213A004F4F25 /* HistoryView.swift */ = {isa = PBXFileReference; lastKnownFileType = sourcecode.swift; path = HistoryView.swift; sourceTree = "<group>"; };
		5D9BC3BB2B5122E0004F4F25 /* HistoryManager.swift */ = {isa = PBXFileReference; lastKnownFileType = sourcecode.swift; path = HistoryManager.swift; sourceTree = "<group>"; };
		5DDF06F02B47E4ED00B1ACE3 /* TodayMemoManager.swift */ = {isa = PBXFileReference; lastKnownFileType = sourcecode.swift; path = TodayMemoManager.swift; sourceTree = "<group>"; };
		5DE0E34E2B1735E700A2C701 /* WorkoutCycle(SwiftUI).app */ = {isa = PBXFileReference; explicitFileType = wrapper.application; includeInIndex = 0; path = "WorkoutCycle(SwiftUI).app"; sourceTree = BUILT_PRODUCTS_DIR; };
		5DE0E3512B1735E700A2C701 /* WorkoutCycle_SwiftUI_App.swift */ = {isa = PBXFileReference; lastKnownFileType = sourcecode.swift; path = WorkoutCycle_SwiftUI_App.swift; sourceTree = "<group>"; };
		5DE0E3532B1735E700A2C701 /* ContentView.swift */ = {isa = PBXFileReference; lastKnownFileType = sourcecode.swift; path = ContentView.swift; sourceTree = "<group>"; };
		5DE0E3552B1735E800A2C701 /* Assets.xcassets */ = {isa = PBXFileReference; lastKnownFileType = folder.assetcatalog; path = Assets.xcassets; sourceTree = "<group>"; };
		5DE0E3582B1735E800A2C701 /* Preview Assets.xcassets */ = {isa = PBXFileReference; lastKnownFileType = folder.assetcatalog; path = "Preview Assets.xcassets"; sourceTree = "<group>"; };
		5DF519262B5FB07E00780BBA /* ApiModel.swift */ = {isa = PBXFileReference; lastKnownFileType = sourcecode.swift; path = ApiModel.swift; sourceTree = "<group>"; };
		5DF519282B5FB0D600780BBA /* GymApiListView.swift */ = {isa = PBXFileReference; lastKnownFileType = sourcecode.swift; path = GymApiListView.swift; sourceTree = "<group>"; };
		5DF5192D2B5FB65800780BBA /* WorkoutCycle-SwiftUI--Info.plist */ = {isa = PBXFileReference; lastKnownFileType = text.plist; path = "WorkoutCycle-SwiftUI--Info.plist"; sourceTree = SOURCE_ROOT; };
		5DF5192E2B5FB6D800780BBA /* KakaoMapView.swift */ = {isa = PBXFileReference; lastKnownFileType = sourcecode.swift; path = KakaoMapView.swift; sourceTree = "<group>"; };
		6D845B5953E8D69DA2189938 /* Pods-WorkoutCycle(SwiftUI).debug.xcconfig */ = {isa = PBXFileReference; includeInIndex = 1; lastKnownFileType = text.xcconfig; name = "Pods-WorkoutCycle(SwiftUI).debug.xcconfig"; path = "Target Support Files/Pods-WorkoutCycle(SwiftUI)/Pods-WorkoutCycle(SwiftUI).debug.xcconfig"; sourceTree = "<group>"; };
/* End PBXFileReference section */

/* Begin PBXFrameworksBuildPhase section */
		5DE0E34B2B1735E700A2C701 /* Frameworks */ = {
			isa = PBXFrameworksBuildPhase;
			buildActionMask = 2147483647;
			files = (
				76E1B99206FD9D78490478E4 /* Pods_WorkoutCycle_SwiftUI_.framework in Frameworks */,
				5DF5192C2B5FB59000780BBA /* KakaoMapsSDK_SPM in Frameworks */,
			);
			runOnlyForDeploymentPostprocessing = 0;
		};
/* End PBXFrameworksBuildPhase section */

/* Begin PBXGroup section */
		23814A10A07A7EFD4DE5E056 /* Pods */ = {
			isa = PBXGroup;
			children = (
				6D845B5953E8D69DA2189938 /* Pods-WorkoutCycle(SwiftUI).debug.xcconfig */,
				532467F51951465450B79834 /* Pods-WorkoutCycle(SwiftUI).release.xcconfig */,
			);
			path = Pods;
			sourceTree = "<group>";
		};
		2F2CE14E77D7E0273D6C8040 /* Frameworks */ = {
			isa = PBXGroup;
			children = (
				2A7FA08E0B74BAAEB2B72645 /* Pods_WorkoutCycle_SwiftUI_.framework */,
			);
			name = Frameworks;
			sourceTree = "<group>";
		};
		5D06BE032B597C07007C1424 /* CategoryList */ = {
			isa = PBXGroup;
			children = (
				5D06BE042B597C47007C1424 /* CategoryListView.swift */,
				5D06BE102B5A1CA2007C1424 /* CategoryListViewModel.swift */,
				5D0660CF2B46A0E5006B19A6 /* FilteredList.swift */,
				5D06BE142B5A24C5007C1424 /* CategoryContainerView.swift */,
			);
			path = CategoryList;
			sourceTree = "<group>";
		};
		5D06BE062B597CA8007C1424 /* MyWorkoutListView */ = {
			isa = PBXGroup;
			children = (
				5D06BE072B597CC6007C1424 /* MyWorkoutListView.swift */,
				5D9BC3B92B51213A004F4F25 /* HistoryView.swift */,
			);
			path = MyWorkoutListView;
			sourceTree = "<group>";
		};
		5D06BE092B597D2F007C1424 /* CycleListView */ = {
			isa = PBXGroup;
			children = (
				5D06BE0A2B597D36007C1424 /* CycleListView.swift */,
			);
			path = CycleListView;
			sourceTree = "<group>";
		};
		5D06BE0E2B597D8B007C1424 /* TodayWorkoutListView */ = {
			isa = PBXGroup;
			children = (
				5D06BE0C2B597D86007C1424 /* TodayWorkoutListView.swift */,
			);
			path = TodayWorkoutListView;
			sourceTree = "<group>";
		};
		5D06BE0F2B597E05007C1424 /* HomeView */ = {
			isa = PBXGroup;
			children = (
				5D8A4F582B2B016900C755A0 /* HomeView.swift */,
				5DF519282B5FB0D600780BBA /* GymApiListView.swift */,
				5D8A4F5E2B2C336300C755A0 /* AddListView.swift */,
				5D9BC3B72B50F914004F4F25 /* AddWorkoutListView.swift */,
			);
			path = HomeView;
			sourceTree = "<group>";
		};
		5D394E142B4553AA0005559A /* Home */ = {
			isa = PBXGroup;
			children = (
				5D06BE0F2B597E05007C1424 /* HomeView */,
				5D06BE0E2B597D8B007C1424 /* TodayWorkoutListView */,
				5D06BE092B597D2F007C1424 /* CycleListView */,
				5D06BE062B597CA8007C1424 /* MyWorkoutListView */,
				5D06BE032B597C07007C1424 /* CategoryList */,
			);
			path = Home;
			sourceTree = "<group>";
		};
		5D394E152B4553B30005559A /* Calendar */ = {
			isa = PBXGroup;
			children = (
				5D8A4F5A2B2B02A500C755A0 /* CalendarMainView.swift */,
				5D394E122B4548370005559A /* CalendarView.swift */,
				5D0660CD2B458A82006B19A6 /* AddMemoView.swift */,
			);
			path = Calendar;
			sourceTree = "<group>";
		};
		5D394E162B4553BB0005559A /* Diet */ = {
			isa = PBXGroup;
			children = (
				5D64764A2B551EBD00E3DA67 /* DietView.swift */,
			);
			path = Diet;
			sourceTree = "<group>";
		};
		5D394E172B4556410005559A /* Utilities */ = {
			isa = PBXGroup;
			children = (
				5D394E1A2B4556830005559A /* Alert */,
				5D394E192B4556660005559A /* Managers */,
				5D394E182B4556550005559A /* Extensions */,
			);
			path = Utilities;
			sourceTree = "<group>";
		};
		5D394E182B4556550005559A /* Extensions */ = {
			isa = PBXGroup;
			children = (
			);
			path = Extensions;
			sourceTree = "<group>";
		};
		5D394E192B4556660005559A /* Managers */ = {
			isa = PBXGroup;
			children = (
				5D0660CB2B455CA5006B19A6 /* BaseManager.swift */,
				5D394E1B2B45597A0005559A /* WorkoutCycleManger.swift */,
				5D9BC3BB2B5122E0004F4F25 /* HistoryManager.swift */,
				5DDF06F02B47E4ED00B1ACE3 /* TodayMemoManager.swift */,
				5D64764C2B551EFC00E3DA67 /* DietManager.swift */,
				5D1D502E2B5765F800D001B7 /* SplitWorkoutManager.swift */,
			);
			path = Managers;
			sourceTree = "<group>";
		};
		5D394E1A2B4556830005559A /* Alert */ = {
			isa = PBXGroup;
			children = (
			);
			path = Alert;
			sourceTree = "<group>";
		};
		5D8A4F522B26FE7800C755A0 /* View */ = {
			isa = PBXGroup;
			children = (
				5DE0E3532B1735E700A2C701 /* ContentView.swift */,
				5D394E162B4553BB0005559A /* Diet */,
				5D394E152B4553B30005559A /* Calendar */,
				5D394E142B4553AA0005559A /* Home */,
				5D8A4F542B2702A300C755A0 /* DetailWorkoutView.swift */,
			);
			path = View;
			sourceTree = "<group>";
		};
		5D8A4F532B26FE8200C755A0 /* Model */ = {
			isa = PBXGroup;
			children = (
				5D8A4F4E2B26DA8400C755A0 /* WorkOutModel.swift */,
				5DF519262B5FB07E00780BBA /* ApiModel.swift */,
			);
			path = Model;
			sourceTree = "<group>";
		};
		5DE0E3452B1735E700A2C701 = {
			isa = PBXGroup;
			children = (
				5DE0E3502B1735E700A2C701 /* WorkoutCycle(SwiftUI) */,
				5DE0E34F2B1735E700A2C701 /* Products */,
				23814A10A07A7EFD4DE5E056 /* Pods */,
				2F2CE14E77D7E0273D6C8040 /* Frameworks */,
			);
			sourceTree = "<group>";
		};
		5DE0E34F2B1735E700A2C701 /* Products */ = {
			isa = PBXGroup;
			children = (
				5DE0E34E2B1735E700A2C701 /* WorkoutCycle(SwiftUI).app */,
			);
			name = Products;
			sourceTree = "<group>";
		};
		5DE0E3502B1735E700A2C701 /* WorkoutCycle(SwiftUI) */ = {
			isa = PBXGroup;
			children = (
				5DF5192D2B5FB65800780BBA /* WorkoutCycle-SwiftUI--Info.plist */,
				5D394E172B4556410005559A /* Utilities */,
				5DE0E3512B1735E700A2C701 /* WorkoutCycle_SwiftUI_App.swift */,
				5D8A4F532B26FE8200C755A0 /* Model */,
				5D8A4F522B26FE7800C755A0 /* View */,
				5DE0E3552B1735E800A2C701 /* Assets.xcassets */,
				5DE0E3572B1735E800A2C701 /* Preview Content */,
				5D8A4F502B26E2F100C755A0 /* PickWorkoutListCell.swift */,
				5D394E1D2B455B980005559A /* Model.xcdatamodeld */,
				5DF5192E2B5FB6D800780BBA /* KakaoMapView.swift */,
			);
			path = "WorkoutCycle(SwiftUI)";
			sourceTree = "<group>";
		};
		5DE0E3572B1735E800A2C701 /* Preview Content */ = {
			isa = PBXGroup;
			children = (
				5DE0E3582B1735E800A2C701 /* Preview Assets.xcassets */,
			);
			path = "Preview Content";
			sourceTree = "<group>";
		};
/* End PBXGroup section */

/* Begin PBXNativeTarget section */
		5DE0E34D2B1735E700A2C701 /* WorkoutCycle(SwiftUI) */ = {
			isa = PBXNativeTarget;
			buildConfigurationList = 5DE0E35C2B1735E800A2C701 /* Build configuration list for PBXNativeTarget "WorkoutCycle(SwiftUI)" */;
			buildPhases = (
				3BF891083135AEC0E89F9E9B /* [CP] Check Pods Manifest.lock */,
				5DE0E34A2B1735E700A2C701 /* Sources */,
				5DE0E34B2B1735E700A2C701 /* Frameworks */,
				5DE0E34C2B1735E700A2C701 /* Resources */,
				05C10EE60141154F032C592F /* [CP] Embed Pods Frameworks */,
			);
			buildRules = (
			);
			dependencies = (
			);
			name = "WorkoutCycle(SwiftUI)";
			packageProductDependencies = (
				5DF5192B2B5FB59000780BBA /* KakaoMapsSDK_SPM */,
			);
			productName = "WorkoutCycle(SwiftUI)";
			productReference = 5DE0E34E2B1735E700A2C701 /* WorkoutCycle(SwiftUI).app */;
			productType = "com.apple.product-type.application";
		};
/* End PBXNativeTarget section */

/* Begin PBXProject section */
		5DE0E3462B1735E700A2C701 /* Project object */ = {
			isa = PBXProject;
			attributes = {
				BuildIndependentTargetsInParallel = 1;
				LastSwiftUpdateCheck = 1500;
				LastUpgradeCheck = 1500;
				TargetAttributes = {
					5DE0E34D2B1735E700A2C701 = {
						CreatedOnToolsVersion = 15.0.1;
					};
				};
			};
			buildConfigurationList = 5DE0E3492B1735E700A2C701 /* Build configuration list for PBXProject "WorkoutCycle(SwiftUI)" */;
			compatibilityVersion = "Xcode 14.0";
			developmentRegion = en;
			hasScannedForEncodings = 0;
			knownRegions = (
				en,
				Base,
			);
			mainGroup = 5DE0E3452B1735E700A2C701;
			packageReferences = (
				5DF5192A2B5FB59000780BBA /* XCRemoteSwiftPackageReference "KakaoMapsSDK-SPM" */,
			);
			productRefGroup = 5DE0E34F2B1735E700A2C701 /* Products */;
			projectDirPath = "";
			projectRoot = "";
			targets = (
				5DE0E34D2B1735E700A2C701 /* WorkoutCycle(SwiftUI) */,
			);
		};
/* End PBXProject section */

/* Begin PBXResourcesBuildPhase section */
		5DE0E34C2B1735E700A2C701 /* Resources */ = {
			isa = PBXResourcesBuildPhase;
			buildActionMask = 2147483647;
			files = (
				5DE0E3592B1735E800A2C701 /* Preview Assets.xcassets in Resources */,
				5DE0E3562B1735E800A2C701 /* Assets.xcassets in Resources */,
			);
			runOnlyForDeploymentPostprocessing = 0;
		};
/* End PBXResourcesBuildPhase section */

/* Begin PBXShellScriptBuildPhase section */
		05C10EE60141154F032C592F /* [CP] Embed Pods Frameworks */ = {
			isa = PBXShellScriptBuildPhase;
			buildActionMask = 2147483647;
			files = (
			);
			inputFileListPaths = (
				"${PODS_ROOT}/Target Support Files/Pods-WorkoutCycle(SwiftUI)/Pods-WorkoutCycle(SwiftUI)-frameworks-${CONFIGURATION}-input-files.xcfilelist",
			);
			name = "[CP] Embed Pods Frameworks";
			outputFileListPaths = (
				"${PODS_ROOT}/Target Support Files/Pods-WorkoutCycle(SwiftUI)/Pods-WorkoutCycle(SwiftUI)-frameworks-${CONFIGURATION}-output-files.xcfilelist",
			);
			runOnlyForDeploymentPostprocessing = 0;
			shellPath = /bin/sh;
			shellScript = "\"${PODS_ROOT}/Target Support Files/Pods-WorkoutCycle(SwiftUI)/Pods-WorkoutCycle(SwiftUI)-frameworks.sh\"\n";
			showEnvVarsInLog = 0;
		};
		3BF891083135AEC0E89F9E9B /* [CP] Check Pods Manifest.lock */ = {
			isa = PBXShellScriptBuildPhase;
			buildActionMask = 2147483647;
			files = (
			);
			inputFileListPaths = (
			);
			inputPaths = (
				"${PODS_PODFILE_DIR_PATH}/Podfile.lock",
				"${PODS_ROOT}/Manifest.lock",
			);
			name = "[CP] Check Pods Manifest.lock";
			outputFileListPaths = (
			);
			outputPaths = (
				"$(DERIVED_FILE_DIR)/Pods-WorkoutCycle(SwiftUI)-checkManifestLockResult.txt",
			);
			runOnlyForDeploymentPostprocessing = 0;
			shellPath = /bin/sh;
			shellScript = "diff \"${PODS_PODFILE_DIR_PATH}/Podfile.lock\" \"${PODS_ROOT}/Manifest.lock\" > /dev/null\nif [ $? != 0 ] ; then\n    # print error to STDERR\n    echo \"error: The sandbox is not in sync with the Podfile.lock. Run 'pod install' or update your CocoaPods installation.\" >&2\n    exit 1\nfi\n# This output is used by Xcode 'outputs' to avoid re-running this script phase.\necho \"SUCCESS\" > \"${SCRIPT_OUTPUT_FILE_0}\"\n";
			showEnvVarsInLog = 0;
		};
/* End PBXShellScriptBuildPhase section */

/* Begin PBXSourcesBuildPhase section */
		5DE0E34A2B1735E700A2C701 /* Sources */ = {
			isa = PBXSourcesBuildPhase;
			buildActionMask = 2147483647;
			files = (
				5DDF06F12B47E4ED00B1ACE3 /* TodayMemoManager.swift in Sources */,
				5D0660CC2B455CA5006B19A6 /* BaseManager.swift in Sources */,
				5D06BE052B597C47007C1424 /* CategoryListView.swift in Sources */,
				5D8A4F512B26E2F100C755A0 /* PickWorkoutListCell.swift in Sources */,
				5D394E132B4548370005559A /* CalendarView.swift in Sources */,
				5D394E1F2B455B980005559A /* Model.xcdatamodeld in Sources */,
				5D06BE152B5A24C5007C1424 /* CategoryContainerView.swift in Sources */,
				5D8A4F4F2B26DA8400C755A0 /* WorkOutModel.swift in Sources */,
				5DF519272B5FB07E00780BBA /* ApiModel.swift in Sources */,
				5DE0E3542B1735E700A2C701 /* ContentView.swift in Sources */,
				5D9BC3BC2B5122E0004F4F25 /* HistoryManager.swift in Sources */,
				5D9BC3B82B50F914004F4F25 /* AddWorkoutListView.swift in Sources */,
				5D64764B2B551EBD00E3DA67 /* DietView.swift in Sources */,
				5D394E1C2B45597A0005559A /* WorkoutCycleManger.swift in Sources */,
				5D8A4F5B2B2B02A500C755A0 /* CalendarMainView.swift in Sources */,
				5D06BE0B2B597D36007C1424 /* CycleListView.swift in Sources */,
				5D64764D2B551EFC00E3DA67 /* DietManager.swift in Sources */,
				5DF519292B5FB0D600780BBA /* GymApiListView.swift in Sources */,
				5D8A4F592B2B016900C755A0 /* HomeView.swift in Sources */,
				5DE0E3522B1735E700A2C701 /* WorkoutCycle_SwiftUI_App.swift in Sources */,
				5D8A4F552B2702A300C755A0 /* DetailWorkoutView.swift in Sources */,
				5D06BE112B5A1CA2007C1424 /* CategoryListViewModel.swift in Sources */,
				5D06BE0D2B597D86007C1424 /* TodayWorkoutListView.swift in Sources */,
				5D0660CE2B458A82006B19A6 /* AddMemoView.swift in Sources */,
				5D1D502F2B5765F800D001B7 /* SplitWorkoutManager.swift in Sources */,
				5D9BC3BA2B51213A004F4F25 /* HistoryView.swift in Sources */,
				5D0660D02B46A0E5006B19A6 /* FilteredList.swift in Sources */,
				5DF5192F2B5FB6D800780BBA /* KakaoMapView.swift in Sources */,
				5D8A4F5F2B2C336300C755A0 /* AddListView.swift in Sources */,
				5D06BE082B597CC6007C1424 /* MyWorkoutListView.swift in Sources */,
			);
			runOnlyForDeploymentPostprocessing = 0;
		};
/* End PBXSourcesBuildPhase section */

/* Begin XCBuildConfiguration section */
		5DE0E35A2B1735E800A2C701 /* Debug */ = {
			isa = XCBuildConfiguration;
			buildSettings = {
				ALWAYS_SEARCH_USER_PATHS = NO;
				ASSETCATALOG_COMPILER_GENERATE_SWIFT_ASSET_SYMBOL_EXTENSIONS = YES;
				CLANG_ANALYZER_NONNULL = YES;
				CLANG_ANALYZER_NUMBER_OBJECT_CONVERSION = YES_AGGRESSIVE;
				CLANG_CXX_LANGUAGE_STANDARD = "gnu++20";
				CLANG_ENABLE_MODULES = YES;
				CLANG_ENABLE_OBJC_ARC = YES;
				CLANG_ENABLE_OBJC_WEAK = YES;
				CLANG_WARN_BLOCK_CAPTURE_AUTORELEASING = YES;
				CLANG_WARN_BOOL_CONVERSION = YES;
				CLANG_WARN_COMMA = YES;
				CLANG_WARN_CONSTANT_CONVERSION = YES;
				CLANG_WARN_DEPRECATED_OBJC_IMPLEMENTATIONS = YES;
				CLANG_WARN_DIRECT_OBJC_ISA_USAGE = YES_ERROR;
				CLANG_WARN_DOCUMENTATION_COMMENTS = YES;
				CLANG_WARN_EMPTY_BODY = YES;
				CLANG_WARN_ENUM_CONVERSION = YES;
				CLANG_WARN_INFINITE_RECURSION = YES;
				CLANG_WARN_INT_CONVERSION = YES;
				CLANG_WARN_NON_LITERAL_NULL_CONVERSION = YES;
				CLANG_WARN_OBJC_IMPLICIT_RETAIN_SELF = YES;
				CLANG_WARN_OBJC_LITERAL_CONVERSION = YES;
				CLANG_WARN_OBJC_ROOT_CLASS = YES_ERROR;
				CLANG_WARN_QUOTED_INCLUDE_IN_FRAMEWORK_HEADER = YES;
				CLANG_WARN_RANGE_LOOP_ANALYSIS = YES;
				CLANG_WARN_STRICT_PROTOTYPES = YES;
				CLANG_WARN_SUSPICIOUS_MOVE = YES;
				CLANG_WARN_UNGUARDED_AVAILABILITY = YES_AGGRESSIVE;
				CLANG_WARN_UNREACHABLE_CODE = YES;
				CLANG_WARN__DUPLICATE_METHOD_MATCH = YES;
				COPY_PHASE_STRIP = NO;
				DEBUG_INFORMATION_FORMAT = dwarf;
				ENABLE_STRICT_OBJC_MSGSEND = YES;
				ENABLE_TESTABILITY = YES;
				ENABLE_USER_SCRIPT_SANDBOXING = NO;
				GCC_C_LANGUAGE_STANDARD = gnu17;
				GCC_DYNAMIC_NO_PIC = NO;
				GCC_NO_COMMON_BLOCKS = YES;
				GCC_OPTIMIZATION_LEVEL = 0;
				GCC_PREPROCESSOR_DEFINITIONS = (
					"DEBUG=1",
					"$(inherited)",
				);
				GCC_WARN_64_TO_32_BIT_CONVERSION = YES;
				GCC_WARN_ABOUT_RETURN_TYPE = YES_ERROR;
				GCC_WARN_UNDECLARED_SELECTOR = YES;
				GCC_WARN_UNINITIALIZED_AUTOS = YES_AGGRESSIVE;
				GCC_WARN_UNUSED_FUNCTION = YES;
				GCC_WARN_UNUSED_VARIABLE = YES;
				IPHONEOS_DEPLOYMENT_TARGET = 17.0;
				LOCALIZATION_PREFERS_STRING_CATALOGS = YES;
				MTL_ENABLE_DEBUG_INFO = INCLUDE_SOURCE;
				MTL_FAST_MATH = YES;
				ONLY_ACTIVE_ARCH = YES;
				SDKROOT = iphoneos;
				SWIFT_ACTIVE_COMPILATION_CONDITIONS = "DEBUG $(inherited)";
				SWIFT_OPTIMIZATION_LEVEL = "-Onone";
			};
			name = Debug;
		};
		5DE0E35B2B1735E800A2C701 /* Release */ = {
			isa = XCBuildConfiguration;
			buildSettings = {
				ALWAYS_SEARCH_USER_PATHS = NO;
				ASSETCATALOG_COMPILER_GENERATE_SWIFT_ASSET_SYMBOL_EXTENSIONS = YES;
				CLANG_ANALYZER_NONNULL = YES;
				CLANG_ANALYZER_NUMBER_OBJECT_CONVERSION = YES_AGGRESSIVE;
				CLANG_CXX_LANGUAGE_STANDARD = "gnu++20";
				CLANG_ENABLE_MODULES = YES;
				CLANG_ENABLE_OBJC_ARC = YES;
				CLANG_ENABLE_OBJC_WEAK = YES;
				CLANG_WARN_BLOCK_CAPTURE_AUTORELEASING = YES;
				CLANG_WARN_BOOL_CONVERSION = YES;
				CLANG_WARN_COMMA = YES;
				CLANG_WARN_CONSTANT_CONVERSION = YES;
				CLANG_WARN_DEPRECATED_OBJC_IMPLEMENTATIONS = YES;
				CLANG_WARN_DIRECT_OBJC_ISA_USAGE = YES_ERROR;
				CLANG_WARN_DOCUMENTATION_COMMENTS = YES;
				CLANG_WARN_EMPTY_BODY = YES;
				CLANG_WARN_ENUM_CONVERSION = YES;
				CLANG_WARN_INFINITE_RECURSION = YES;
				CLANG_WARN_INT_CONVERSION = YES;
				CLANG_WARN_NON_LITERAL_NULL_CONVERSION = YES;
				CLANG_WARN_OBJC_IMPLICIT_RETAIN_SELF = YES;
				CLANG_WARN_OBJC_LITERAL_CONVERSION = YES;
				CLANG_WARN_OBJC_ROOT_CLASS = YES_ERROR;
				CLANG_WARN_QUOTED_INCLUDE_IN_FRAMEWORK_HEADER = YES;
				CLANG_WARN_RANGE_LOOP_ANALYSIS = YES;
				CLANG_WARN_STRICT_PROTOTYPES = YES;
				CLANG_WARN_SUSPICIOUS_MOVE = YES;
				CLANG_WARN_UNGUARDED_AVAILABILITY = YES_AGGRESSIVE;
				CLANG_WARN_UNREACHABLE_CODE = YES;
				CLANG_WARN__DUPLICATE_METHOD_MATCH = YES;
				COPY_PHASE_STRIP = NO;
				DEBUG_INFORMATION_FORMAT = "dwarf-with-dsym";
				ENABLE_NS_ASSERTIONS = NO;
				ENABLE_STRICT_OBJC_MSGSEND = YES;
				ENABLE_USER_SCRIPT_SANDBOXING = NO;
				GCC_C_LANGUAGE_STANDARD = gnu17;
				GCC_NO_COMMON_BLOCKS = YES;
				GCC_WARN_64_TO_32_BIT_CONVERSION = YES;
				GCC_WARN_ABOUT_RETURN_TYPE = YES_ERROR;
				GCC_WARN_UNDECLARED_SELECTOR = YES;
				GCC_WARN_UNINITIALIZED_AUTOS = YES_AGGRESSIVE;
				GCC_WARN_UNUSED_FUNCTION = YES;
				GCC_WARN_UNUSED_VARIABLE = YES;
				IPHONEOS_DEPLOYMENT_TARGET = 17.0;
				LOCALIZATION_PREFERS_STRING_CATALOGS = YES;
				MTL_ENABLE_DEBUG_INFO = NO;
				MTL_FAST_MATH = YES;
				SDKROOT = iphoneos;
				SWIFT_COMPILATION_MODE = wholemodule;
				VALIDATE_PRODUCT = YES;
			};
			name = Release;
		};
		5DE0E35D2B1735E800A2C701 /* Debug */ = {
			isa = XCBuildConfiguration;
			baseConfigurationReference = 6D845B5953E8D69DA2189938 /* Pods-WorkoutCycle(SwiftUI).debug.xcconfig */;
			buildSettings = {
				ASSETCATALOG_COMPILER_APPICON_NAME = AppIcon;
				ASSETCATALOG_COMPILER_GLOBAL_ACCENT_COLOR_NAME = AccentColor;
				CODE_SIGN_STYLE = Automatic;
				CURRENT_PROJECT_VERSION = 1;
				DEVELOPMENT_ASSET_PATHS = "\"WorkoutCycle(SwiftUI)/Preview Content\"";
				DEVELOPMENT_TEAM = 2P89RZGR74;
				ENABLE_PREVIEWS = YES;
				GENERATE_INFOPLIST_FILE = YES;
				INFOPLIST_FILE = "WorkoutCycle-SwiftUI--Info.plist";
				INFOPLIST_KEY_NSLocationWhenInUseUsageDescription = "사용자 위치 추적해도 될까요?";
				INFOPLIST_KEY_UIApplicationSceneManifest_Generation = YES;
				INFOPLIST_KEY_UIApplicationSupportsIndirectInputEvents = YES;
				INFOPLIST_KEY_UILaunchScreen_Generation = YES;
				INFOPLIST_KEY_UISupportedInterfaceOrientations_iPad = "UIInterfaceOrientationPortrait UIInterfaceOrientationPortraitUpsideDown UIInterfaceOrientationLandscapeLeft UIInterfaceOrientationLandscapeRight";
				INFOPLIST_KEY_UISupportedInterfaceOrientations_iPhone = "UIInterfaceOrientationPortrait UIInterfaceOrientationLandscapeLeft UIInterfaceOrientationLandscapeRight";
				LD_RUNPATH_SEARCH_PATHS = (
					"$(inherited)",
					"@executable_path/Frameworks",
				);
				MARKETING_VERSION = 1.0;
				PRODUCT_BUNDLE_IDENTIFIER = "leehongryul.WorkoutCycle-SwiftUI-";
				PRODUCT_NAME = "$(TARGET_NAME)";
				SWIFT_EMIT_LOC_STRINGS = YES;
				SWIFT_VERSION = 5.0;
				TARGETED_DEVICE_FAMILY = "1,2";
			};
			name = Debug;
		};
		5DE0E35E2B1735E800A2C701 /* Release */ = {
			isa = XCBuildConfiguration;
			baseConfigurationReference = 532467F51951465450B79834 /* Pods-WorkoutCycle(SwiftUI).release.xcconfig */;
			buildSettings = {
				ASSETCATALOG_COMPILER_APPICON_NAME = AppIcon;
				ASSETCATALOG_COMPILER_GLOBAL_ACCENT_COLOR_NAME = AccentColor;
				CODE_SIGN_STYLE = Automatic;
				CURRENT_PROJECT_VERSION = 1;
				DEVELOPMENT_ASSET_PATHS = "\"WorkoutCycle(SwiftUI)/Preview Content\"";
				DEVELOPMENT_TEAM = 2P89RZGR74;
				ENABLE_PREVIEWS = YES;
				GENERATE_INFOPLIST_FILE = YES;
				INFOPLIST_FILE = "WorkoutCycle-SwiftUI--Info.plist";
				INFOPLIST_KEY_NSLocationWhenInUseUsageDescription = "사용자 위치 추적해도 될까요?";
				INFOPLIST_KEY_UIApplicationSceneManifest_Generation = YES;
				INFOPLIST_KEY_UIApplicationSupportsIndirectInputEvents = YES;
				INFOPLIST_KEY_UILaunchScreen_Generation = YES;
				INFOPLIST_KEY_UISupportedInterfaceOrientations_iPad = "UIInterfaceOrientationPortrait UIInterfaceOrientationPortraitUpsideDown UIInterfaceOrientationLandscapeLeft UIInterfaceOrientationLandscapeRight";
				INFOPLIST_KEY_UISupportedInterfaceOrientations_iPhone = "UIInterfaceOrientationPortrait UIInterfaceOrientationLandscapeLeft UIInterfaceOrientationLandscapeRight";
				LD_RUNPATH_SEARCH_PATHS = (
					"$(inherited)",
					"@executable_path/Frameworks",
				);
				MARKETING_VERSION = 1.0;
				PRODUCT_BUNDLE_IDENTIFIER = "leehongryul.WorkoutCycle-SwiftUI-";
				PRODUCT_NAME = "$(TARGET_NAME)";
				SWIFT_EMIT_LOC_STRINGS = YES;
				SWIFT_VERSION = 5.0;
				TARGETED_DEVICE_FAMILY = "1,2";
			};
			name = Release;
		};
/* End XCBuildConfiguration section */

/* Begin XCConfigurationList section */
		5DE0E3492B1735E700A2C701 /* Build configuration list for PBXProject "WorkoutCycle(SwiftUI)" */ = {
			isa = XCConfigurationList;
			buildConfigurations = (
				5DE0E35A2B1735E800A2C701 /* Debug */,
				5DE0E35B2B1735E800A2C701 /* Release */,
			);
			defaultConfigurationIsVisible = 0;
			defaultConfigurationName = Release;
		};
		5DE0E35C2B1735E800A2C701 /* Build configuration list for PBXNativeTarget "WorkoutCycle(SwiftUI)" */ = {
			isa = XCConfigurationList;
			buildConfigurations = (
				5DE0E35D2B1735E800A2C701 /* Debug */,
				5DE0E35E2B1735E800A2C701 /* Release */,
			);
			defaultConfigurationIsVisible = 0;
			defaultConfigurationName = Release;
		};
/* End XCConfigurationList section */

/* Begin XCRemoteSwiftPackageReference section */
		5DF5192A2B5FB59000780BBA /* XCRemoteSwiftPackageReference "KakaoMapsSDK-SPM" */ = {
			isa = XCRemoteSwiftPackageReference;
			repositoryURL = "https://github.com/kakao-mapsSDK/KakaoMapsSDK-SPM.git";
			requirement = {
				kind = upToNextMajorVersion;
				minimumVersion = 2.6.3;
			};
		};
/* End XCRemoteSwiftPackageReference section */

/* Begin XCSwiftPackageProductDependency section */
		5DF5192B2B5FB59000780BBA /* KakaoMapsSDK_SPM */ = {
			isa = XCSwiftPackageProductDependency;
			package = 5DF5192A2B5FB59000780BBA /* XCRemoteSwiftPackageReference "KakaoMapsSDK-SPM" */;
			productName = KakaoMapsSDK_SPM;
		};
/* End XCSwiftPackageProductDependency section */

/* Begin XCVersionGroup section */
		5D394E1D2B455B980005559A /* Model.xcdatamodeld */ = {
			isa = XCVersionGroup;
			children = (
				5D394E1E2B455B980005559A /* Model.xcdatamodel */,
			);
			currentVersion = 5D394E1E2B455B980005559A /* Model.xcdatamodel */;
			path = Model.xcdatamodeld;
			sourceTree = "<group>";
			versionGroupType = wrapper.xcdatamodel;
		};
/* End XCVersionGroup section */
	};
	rootObject = 5DE0E3462B1735E700A2C701 /* Project object */;
}
