{
  "pins" : [
    {
      "identity" : "kakaomapssdk-spm",
      "kind" : "remoteSourceControl",
      "location" : "https://github.com/kakao-mapsSDK/KakaoMapsSDK-SPM.git",
      "state" : {
        "revision" : "d2b50b7ae9785f16287df49aa2d010c8e00cf6ee",
        "version" : "2.6.3"
      }
    }
  ],
  "version" : 2
}
